PODS:
  - Flutter (1.0.0)
  - flutter_getuuid (0.0.1):
    - Flutter
    - SAMKeychain
  - SAMKeychain (1.5.3)

DEPENDENCIES:
  - Flutter (from `.symlinks/flutter/ios`)
  - flutter_getuuid (from `.symlinks/plugins/flutter_getuuid/ios`)
  - SAMKeychain

SPEC REPOS:
  https://github.com/CocoaPods/Specs.git:
    - SAMKeychain

EXTERNAL SOURCES:
  Flutter:
    :path: ".symlinks/flutter/ios"
  flutter_getuuid:
    :path: ".symlinks/plugins/flutter_getuuid/ios"

SPEC CHECKSUMS:
  Flutter: 0e3d915762c693b495b44d77113d4970485de6ec
  flutter_getuuid: 34f3fdde26ffaa35b000d858f48c21ea7db02c7b
  SAMKeychain: 483e1c9f32984d50ca961e26818a534283b4cd5c

PODFILE CHECKSUM: 0f956c7cec0f749da0152930ba0e16c31f30256b

COCOAPODS: 1.8.3
